
Microsoft Visual Studio Solution File, Format Version 12.00
# Visual Studio Version 17
VisualStudioVersion = 17.9.34622.214
MinimumVisualStudioVersion = 10.0.40219.1
Project("{888888A0-9F3D-457C-B088-3A5042F75D52}") = "ML_LR11", "ML_LR11\ML_LR11.pyproj", "{7E40356C-E199-4F3D-AE14-EF8DB9428284}"
EndProject
Global
	GlobalSection(SolutionConfigurationPlatforms) = preSolution
		Debug|Any CPU = Debug|Any CPU
		Release|Any CPU = Release|Any CPU
	EndGlobalSection
	GlobalSection(ProjectConfigurationPlatforms) = postSolution
		{7E40356C-E199-4F3D-AE14-EF8DB9428284}.Debug|Any CPU.ActiveCfg = Debug|Any CPU
		{7E40356C-E199-4F3D-AE14-EF8DB9428284}.Release|Any CPU.ActiveCfg = Release|Any CPU
	EndGlobalSection
	GlobalSection(SolutionProperties) = preSolution
		HideSolutionNode = FALSE
	EndGlobalSection
	GlobalSection(ExtensibilityGlobals) = postSolution
		SolutionGuid = {67DC0F23-90EA-40C2-B711-72868326A4BD}
	EndGlobalSection
EndGlobal
